Microsoft Visual Studio Solution File, Format Version 12.00
# Visual Studio 15
VisualStudioVersion = 15.0.26124.0
MinimumVisualStudioVersion = 15.0.26124.0
Project("{9A19103F-16F7-4668-BE54-9A1E7A4F7556}") = "CarrierPidgeon", "CarrierPidgeon\CarrierPidgeon.csproj", "{8CEB9AFF-0A02-45BE-8E3A-155832134EFF}"
EndProject
Project("{9A19103F-16F7-4668-BE54-9A1E7A4F7556}") = "CarrierPidgeon.Core", "CarrierPidgeon.Core\CarrierPidgeon.Core.csproj", "{64338FBF-D171-400D-9FAD-6D1F5C4B171F}"
EndProject
Project("{9A19103F-16F7-4668-BE54-9A1E7A4F7556}") = "CarrierPidgeon.Component.ActiveMQ", "CarrierPidgeon.Component.ActiveMQ\CarrierPidgeon.Component.ActiveMQ.csproj", "{71BFCEB5-5A1B-43D6-B07A-0819070C45CA}"
EndProject
Project("{FAE04EC0-301F-11D3-BF4B-00C04F79EFBC}") = "CarrierPidgeon.Test", "CarrierPidgeon.Test\CarrierPidgeon.Test.csproj", "{5388492D-8851-4536-9336-BEAEFF7D5386}"
EndProject
Project("{FAE04EC0-301F-11D3-BF4B-00C04F79EFBC}") = "CarrierPidgeon.Component.SqlServer", "CarrierPidgeon.Component.SqlServer\CarrierPidgeon.Component.SqlServer.csproj", "{55C11F09-8425-45EB-A951-E23D7E239FEF}"
EndProject
Global
	GlobalSection(SolutionConfigurationPlatforms) = preSolution
		Debug|Any CPU = Debug|Any CPU
		Debug|x64 = Debug|x64
		Debug|x86 = Debug|x86
		Release|Any CPU = Release|Any CPU
		Release|x64 = Release|x64
		Release|x86 = Release|x86
	EndGlobalSection
	GlobalSection(ProjectConfigurationPlatforms) = postSolution
		{8CEB9AFF-0A02-45BE-8E3A-155832134EFF}.Debug|Any CPU.ActiveCfg = Debug|Any CPU
		{8CEB9AFF-0A02-45BE-8E3A-155832134EFF}.Debug|Any CPU.Build.0 = Debug|Any CPU
		{8CEB9AFF-0A02-45BE-8E3A-155832134EFF}.Debug|x64.ActiveCfg = Debug|Any CPU
		{8CEB9AFF-0A02-45BE-8E3A-155832134EFF}.Debug|x64.Build.0 = Debug|Any CPU
		{8CEB9AFF-0A02-45BE-8E3A-155832134EFF}.Debug|x86.ActiveCfg = Debug|Any CPU
		{8CEB9AFF-0A02-45BE-8E3A-155832134EFF}.Debug|x86.Build.0 = Debug|Any CPU
		{8CEB9AFF-0A02-45BE-8E3A-155832134EFF}.Release|Any CPU.ActiveCfg = Release|Any CPU
		{8CEB9AFF-0A02-45BE-8E3A-155832134EFF}.Release|Any CPU.Build.0 = Release|Any CPU
		{8CEB9AFF-0A02-45BE-8E3A-155832134EFF}.Release|x64.ActiveCfg = Release|Any CPU
		{8CEB9AFF-0A02-45BE-8E3A-155832134EFF}.Release|x64.Build.0 = Release|Any CPU
		{8CEB9AFF-0A02-45BE-8E3A-155832134EFF}.Release|x86.ActiveCfg = Release|Any CPU
		{8CEB9AFF-0A02-45BE-8E3A-155832134EFF}.Release|x86.Build.0 = Release|Any CPU
		{64338FBF-D171-400D-9FAD-6D1F5C4B171F}.Debug|Any CPU.ActiveCfg = Debug|Any CPU
		{64338FBF-D171-400D-9FAD-6D1F5C4B171F}.Debug|Any CPU.Build.0 = Debug|Any CPU
		{64338FBF-D171-400D-9FAD-6D1F5C4B171F}.Debug|x64.ActiveCfg = Debug|Any CPU
		{64338FBF-D171-400D-9FAD-6D1F5C4B171F}.Debug|x64.Build.0 = Debug|Any CPU
		{64338FBF-D171-400D-9FAD-6D1F5C4B171F}.Debug|x86.ActiveCfg = Debug|Any CPU
		{64338FBF-D171-400D-9FAD-6D1F5C4B171F}.Debug|x86.Build.0 = Debug|Any CPU
		{64338FBF-D171-400D-9FAD-6D1F5C4B171F}.Release|Any CPU.ActiveCfg = Release|Any CPU
		{64338FBF-D171-400D-9FAD-6D1F5C4B171F}.Release|Any CPU.Build.0 = Release|Any CPU
		{64338FBF-D171-400D-9FAD-6D1F5C4B171F}.Release|x64.ActiveCfg = Release|Any CPU
		{64338FBF-D171-400D-9FAD-6D1F5C4B171F}.Release|x64.Build.0 = Release|Any CPU
		{64338FBF-D171-400D-9FAD-6D1F5C4B171F}.Release|x86.ActiveCfg = Release|Any CPU
		{64338FBF-D171-400D-9FAD-6D1F5C4B171F}.Release|x86.Build.0 = Release|Any CPU
		{71BFCEB5-5A1B-43D6-B07A-0819070C45CA}.Debug|Any CPU.ActiveCfg = Debug|Any CPU
		{71BFCEB5-5A1B-43D6-B07A-0819070C45CA}.Debug|Any CPU.Build.0 = Debug|Any CPU
		{71BFCEB5-5A1B-43D6-B07A-0819070C45CA}.Debug|x64.ActiveCfg = Debug|Any CPU
		{71BFCEB5-5A1B-43D6-B07A-0819070C45CA}.Debug|x64.Build.0 = Debug|Any CPU
		{71BFCEB5-5A1B-43D6-B07A-0819070C45CA}.Debug|x86.ActiveCfg = Debug|Any CPU
		{71BFCEB5-5A1B-43D6-B07A-0819070C45CA}.Debug|x86.Build.0 = Debug|Any CPU
		{71BFCEB5-5A1B-43D6-B07A-0819070C45CA}.Release|Any CPU.ActiveCfg = Release|Any CPU
		{71BFCEB5-5A1B-43D6-B07A-0819070C45CA}.Release|Any CPU.Build.0 = Release|Any CPU
		{71BFCEB5-5A1B-43D6-B07A-0819070C45CA}.Release|x64.ActiveCfg = Release|Any CPU
		{71BFCEB5-5A1B-43D6-B07A-0819070C45CA}.Release|x64.Build.0 = Release|Any CPU
		{71BFCEB5-5A1B-43D6-B07A-0819070C45CA}.Release|x86.ActiveCfg = Release|Any CPU
		{71BFCEB5-5A1B-43D6-B07A-0819070C45CA}.Release|x86.Build.0 = Release|Any CPU
		{5388492D-8851-4536-9336-BEAEFF7D5386}.Debug|Any CPU.ActiveCfg = Debug|Any CPU
		{5388492D-8851-4536-9336-BEAEFF7D5386}.Debug|Any CPU.Build.0 = Debug|Any CPU
		{5388492D-8851-4536-9336-BEAEFF7D5386}.Debug|x64.ActiveCfg = Debug|Any CPU
		{5388492D-8851-4536-9336-BEAEFF7D5386}.Debug|x64.Build.0 = Debug|Any CPU
		{5388492D-8851-4536-9336-BEAEFF7D5386}.Debug|x86.ActiveCfg = Debug|Any CPU
		{5388492D-8851-4536-9336-BEAEFF7D5386}.Debug|x86.Build.0 = Debug|Any CPU
		{5388492D-8851-4536-9336-BEAEFF7D5386}.Release|Any CPU.ActiveCfg = Release|Any CPU
		{5388492D-8851-4536-9336-BEAEFF7D5386}.Release|Any CPU.Build.0 = Release|Any CPU
		{5388492D-8851-4536-9336-BEAEFF7D5386}.Release|x64.ActiveCfg = Release|Any CPU
		{5388492D-8851-4536-9336-BEAEFF7D5386}.Release|x64.Build.0 = Release|Any CPU
		{5388492D-8851-4536-9336-BEAEFF7D5386}.Release|x86.ActiveCfg = Release|Any CPU
		{5388492D-8851-4536-9336-BEAEFF7D5386}.Release|x86.Build.0 = Release|Any CPU
		{55C11F09-8425-45EB-A951-E23D7E239FEF}.Debug|Any CPU.ActiveCfg = Debug|Any CPU
		{55C11F09-8425-45EB-A951-E23D7E239FEF}.Debug|Any CPU.Build.0 = Debug|Any CPU
		{55C11F09-8425-45EB-A951-E23D7E239FEF}.Debug|x64.ActiveCfg = Debug|Any CPU
		{55C11F09-8425-45EB-A951-E23D7E239FEF}.Debug|x64.Build.0 = Debug|Any CPU
		{55C11F09-8425-45EB-A951-E23D7E239FEF}.Debug|x86.ActiveCfg = Debug|Any CPU
		{55C11F09-8425-45EB-A951-E23D7E239FEF}.Debug|x86.Build.0 = Debug|Any CPU
		{55C11F09-8425-45EB-A951-E23D7E239FEF}.Release|Any CPU.ActiveCfg = Release|Any CPU
		{55C11F09-8425-45EB-A951-E23D7E239FEF}.Release|Any CPU.Build.0 = Release|Any CPU
		{55C11F09-8425-45EB-A951-E23D7E239FEF}.Release|x64.ActiveCfg = Release|Any CPU
		{55C11F09-8425-45EB-A951-E23D7E239FEF}.Release|x64.Build.0 = Release|Any CPU
		{55C11F09-8425-45EB-A951-E23D7E239FEF}.Release|x86.ActiveCfg = Release|Any CPU
		{55C11F09-8425-45EB-A951-E23D7E239FEF}.Release|x86.Build.0 = Release|Any CPU
	EndGlobalSection
	GlobalSection(SolutionProperties) = preSolution
		HideSolutionNode = FALSE
	EndGlobalSection
	GlobalSection(ExtensibilityGlobals) = postSolution
		SolutionGuid = {38DFC487-1E2F-4D54-B0DD-52BCBCCBBE4A}
	EndGlobalSection
EndGlobal
